
Microsoft Visual Studio Solution File, Format Version 12.00
# Visual Studio Version 16
VisualStudioVersion = 16.0.29409.12
MinimumVisualStudioVersion = 10.0.40219.1
Project("{FAE04EC0-301F-11D3-BF4B-00C04F79EFBC}") = "ARRAY3", "ARRAY3\ARRAY3.csproj", "{4BEBF574-74E6-4F8F-849C-93E4404D5D68}"
EndProject
Project("{FAE04EC0-301F-11D3-BF4B-00C04F79EFBC}") = "StringMethods", "StringMethods\StringMethods.csproj", "{A3BD3966-7F9F-48E4-8144-4276C7A1CE5B}"
EndProject
Project("{FAE04EC0-301F-11D3-BF4B-00C04F79EFBC}") = "shoppinglist", "shoppinglist\shoppinglist.csproj", "{86F06713-40C6-45D4-AD88-7593F97CC5D5}"
EndProject
Global
	GlobalSection(SolutionConfigurationPlatforms) = preSolution
		Debug|Any CPU = Debug|Any CPU
		Release|Any CPU = Release|Any CPU
	EndGlobalSection
	GlobalSection(ProjectConfigurationPlatforms) = postSolution
		{4BEBF574-74E6-4F8F-849C-93E4404D5D68}.Debug|Any CPU.ActiveCfg = Debug|Any CPU
		{4BEBF574-74E6-4F8F-849C-93E4404D5D68}.Debug|Any CPU.Build.0 = Debug|Any CPU
		{4BEBF574-74E6-4F8F-849C-93E4404D5D68}.Release|Any CPU.ActiveCfg = Release|Any CPU
		{4BEBF574-74E6-4F8F-849C-93E4404D5D68}.Release|Any CPU.Build.0 = Release|Any CPU
		{A3BD3966-7F9F-48E4-8144-4276C7A1CE5B}.Debug|Any CPU.ActiveCfg = Debug|Any CPU
		{A3BD3966-7F9F-48E4-8144-4276C7A1CE5B}.Debug|Any CPU.Build.0 = Debug|Any CPU
		{A3BD3966-7F9F-48E4-8144-4276C7A1CE5B}.Release|Any CPU.ActiveCfg = Release|Any CPU
		{A3BD3966-7F9F-48E4-8144-4276C7A1CE5B}.Release|Any CPU.Build.0 = Release|Any CPU
		{86F06713-40C6-45D4-AD88-7593F97CC5D5}.Debug|Any CPU.ActiveCfg = Debug|Any CPU
		{86F06713-40C6-45D4-AD88-7593F97CC5D5}.Debug|Any CPU.Build.0 = Debug|Any CPU
		{86F06713-40C6-45D4-AD88-7593F97CC5D5}.Release|Any CPU.ActiveCfg = Release|Any CPU
		{86F06713-40C6-45D4-AD88-7593F97CC5D5}.Release|Any CPU.Build.0 = Release|Any CPU
	EndGlobalSection
	GlobalSection(SolutionProperties) = preSolution
		HideSolutionNode = FALSE
	EndGlobalSection
	GlobalSection(ExtensibilityGlobals) = postSolution
		SolutionGuid = {4B518889-6439-48B5-8B2C-F501ABD730E0}
	EndGlobalSection
EndGlobal
